dependencies:
- condition: ""
  enabled: false
  import-values: null
  name: mongodb-replicaset
  repository: https://kubernetes-charts.storage.googleapis.com
  tags: null
  version: 1.1.0
- condition: ""
  enabled: false
  import-values: null
  name: prometheus
  repository: https://kubernetes-charts.storage.googleapis.com
  tags: null
  version: 3.0.2
- condition: ""
  enabled: false
  import-values: null
  name: grafana
  repository: https://kubernetes-charts.storage.googleapis.com
  tags: null
  version: 0.3.6
- condition: ""
  enabled: false
  import-values: null
  name: nginx-ingress
  repository: https://kubernetes-charts.storage.googleapis.com
  tags: null
  version: 0.6.0
- condition: ""
  enabled: false
  import-values: null
  name: kube-lego
  repository: https://kubernetes-charts.storage.googleapis.com
  tags: null
  version: 0.1.10
digest: sha256:58cf9d4ce99e8ce6ee4f49866d50450ce7e8eb0a139ea516d5aa50e5841a0ded
generated: 2017-06-29T19:29:03.286535255-07:00
