dependencies:
- condition: ""
  enabled: false
  import-values: null
  name: mongodb-replicaset
  repository: https://kubernetes-charts.storage.googleapis.com
  tags: null
  version: 1.1.0
- condition: ""
  enabled: false
  import-values: null
  name: prometheus
  repository: https://kubernetes-charts.storage.googleapis.com
  tags: null
  version: 3.0.2
- condition: ""
  enabled: false
  import-values: null
  name: grafana
  repository: https://kubernetes-charts.storage.googleapis.com
  tags: null
  version: 0.3.6
- condition: ""
  enabled: false
  import-values: null
  name: nginx-ingress
  repository: https://kubernetes-charts.storage.googleapis.com
  tags: null
  version: 0.6.0
digest: sha256:1cedb93824f2532c6505183f3211099f0c07d7eb00a99546fd18929bdb890c23
generated: 2017-06-26T12:04:07.052012699-07:00
